
Microsoft Visual Studio Solution File, Format Version 11.00
# Visual Studio 2010
Project("{FAE04EC0-301F-11D3-BF4B-00C04F79EFBC}") = "DynamicJsonForDotNET", "DynamicJson\DynamicJsonForDotNET.csproj", "{A205AF02-275A-4833-A247-3F42FC36CEBE}"
EndProject
Project("{FAE04EC0-301F-11D3-BF4B-00C04F79EFBC}") = "Test", "Test\Test.csproj", "{50685BB7-7F80-4B45-95B2-B340FD2BC499}"
EndProject
Project("{2150E333-8FDC-42A3-9474-1A3956D46DE8}") = "Solution Items", "Solution Items", "{54CF1149-215E-4EA7-9FB6-748C8A20D1EF}"
	ProjectSection(SolutionItems) = preProject
		DynamicJson.vsmdi = DynamicJson.vsmdi
		Local.testsettings = Local.testsettings
		TraceAndTestImpact.testsettings = TraceAndTestImpact.testsettings
	EndProjectSection
EndProject
Global
	GlobalSection(TestCaseManagementSettings) = postSolution
		CategoryFile = DynamicJson.vsmdi
	EndGlobalSection
	GlobalSection(SolutionConfigurationPlatforms) = preSolution
		Debug|Any CPU = Debug|Any CPU
		Release|Any CPU = Release|Any CPU
	EndGlobalSection
	GlobalSection(ProjectConfigurationPlatforms) = postSolution
		{A205AF02-275A-4833-A247-3F42FC36CEBE}.Debug|Any CPU.ActiveCfg = Debug|Any CPU
		{A205AF02-275A-4833-A247-3F42FC36CEBE}.Debug|Any CPU.Build.0 = Debug|Any CPU
		{A205AF02-275A-4833-A247-3F42FC36CEBE}.Release|Any CPU.ActiveCfg = Release|Any CPU
		{A205AF02-275A-4833-A247-3F42FC36CEBE}.Release|Any CPU.Build.0 = Release|Any CPU
		{50685BB7-7F80-4B45-95B2-B340FD2BC499}.Debug|Any CPU.ActiveCfg = Debug|Any CPU
		{50685BB7-7F80-4B45-95B2-B340FD2BC499}.Debug|Any CPU.Build.0 = Debug|Any CPU
		{50685BB7-7F80-4B45-95B2-B340FD2BC499}.Release|Any CPU.ActiveCfg = Release|Any CPU
		{50685BB7-7F80-4B45-95B2-B340FD2BC499}.Release|Any CPU.Build.0 = Release|Any CPU
	EndGlobalSection
	GlobalSection(SolutionProperties) = preSolution
		HideSolutionNode = FALSE
	EndGlobalSection
EndGlobal
